<?xml version="1.0" encoding="UTF-8" standalone="yes" ?>
<CodeBlocks_project_file>
	<FileVersion major="1" minor="6" />
	<Project>
		<Option title="OpenFala" />
		<Option pch_mode="2" />
		<Option compiler="gcc" />
		<Build>
			<Target title="Debug">
				<Option output="bin/Debug/OpenFala" prefix_auto="1" extension_auto="1" />
				<Option object_output="obj/Debug/" />
				<Option type="1" />
				<Option compiler="gcc" />
				<Compiler>
					<Add option="-g" />
					<Add option="-DDEBUG" />
				</Compiler>
			</Target>
			<Target title="Release">
				<Option output="bin/Release/OpenFala" prefix_auto="1" extension_auto="1" />
				<Option object_output="obj/Release/" />
				<Option type="1" />
				<Option compiler="gcc" />
				<Compiler>
					<Add option="-O2" />
				</Compiler>
				<Linker>
					<Add option="-s" />
				</Linker>
			</Target>
		</Build>
		<Compiler>
			<Add option="-Wall" />
			<Add option="-fexceptions" />
			<Add option="`pkg-config --cflags Magick++`" />
		</Compiler>
		<Linker>
			<Add option="`pkg-config --libs Magick++`" />
			<Add library="sfml-audio" />
			<Add library="sfml-graphics" />
			<Add library="sfml-network" />
			<Add library="sfml-system" />
			<Add library="sfml-window" />
			<Add library="boost_filesystem-mt" />
			<Add library="boost_program_options-mt" />
		</Linker>
		<Unit filename="block.cpp" />
		<Unit filename="block.hpp" />
		<Unit filename="client.cpp" />
		<Unit filename="client.hpp" />
		<Unit filename="filesystem.cpp" />
		<Unit filename="filesystem.hpp" />
		<Unit filename="main.cpp" />
		<Unit filename="network.cpp" />
		<Unit filename="network.hpp" />
		<Unit filename="server.cpp" />
		<Unit filename="server.hpp" />
		<Unit filename="utility.cpp" />
		<Unit filename="utility.hpp" />
		<Extensions>
			<envvars />
			<code_completion />
			<debugger />
		</Extensions>
	</Project>
</CodeBlocks_project_file>
