
Microsoft Visual Studio Solution File, Format Version 9.00
# Visual C++ Express 2005
Project("{8BC9CEB8-8B4A-11D0-8D11-00A0C91BC942}") = "Timestep", "Timestep.vcproj", "{1CA78DEA-6B4D-4D31-AC80-72CCB5821DD4}"
EndProject
Global
	GlobalSection(SolutionConfigurationPlatforms) = preSolution
		Debug|Win32 = Debug|Win32
		Release|Win32 = Release|Win32
	EndGlobalSection
	GlobalSection(ProjectConfigurationPlatforms) = postSolution
		{1CA78DEA-6B4D-4D31-AC80-72CCB5821DD4}.Debug|Win32.ActiveCfg = Debug|Win32
		{1CA78DEA-6B4D-4D31-AC80-72CCB5821DD4}.Debug|Win32.Build.0 = Debug|Win32
		{1CA78DEA-6B4D-4D31-AC80-72CCB5821DD4}.Release|Win32.ActiveCfg = Release|Win32
		{1CA78DEA-6B4D-4D31-AC80-72CCB5821DD4}.Release|Win32.Build.0 = Release|Win32
	EndGlobalSection
	GlobalSection(SolutionProperties) = preSolution
		HideSolutionNode = FALSE
	EndGlobalSection
EndGlobal
